
Microsoft Visual Studio Solution File, Format Version 12.00
# Visual Studio 2012
Project("{FAE04EC0-301F-11D3-BF4B-00C04F79EFBC}") = "ConsoleApplication1", "ConsoleApplication1\ConsoleApplication1.csproj", "{254A6FA4-84B2-4239-B826-3D3E7D22B90A}"
EndProject
Global
	GlobalSection(SolutionConfigurationPlatforms) = preSolution
		Debug|Any CPU = Debug|Any CPU
		Release|Any CPU = Release|Any CPU
	EndGlobalSection
	GlobalSection(ProjectConfigurationPlatforms) = postSolution
		{254A6FA4-84B2-4239-B826-3D3E7D22B90A}.Debug|Any CPU.ActiveCfg = Debug|Any CPU
		{254A6FA4-84B2-4239-B826-3D3E7D22B90A}.Debug|Any CPU.Build.0 = Debug|Any CPU
		{254A6FA4-84B2-4239-B826-3D3E7D22B90A}.Release|Any CPU.ActiveCfg = Release|Any CPU
		{254A6FA4-84B2-4239-B826-3D3E7D22B90A}.Release|Any CPU.Build.0 = Release|Any CPU
	EndGlobalSection
	GlobalSection(SolutionProperties) = preSolution
		HideSolutionNode = FALSE
	EndGlobalSection
EndGlobal
